
Microsoft Visual Studio Solution File, Format Version 12.00
# Visual Studio 15
VisualStudioVersion = 15.0.28010.2026
MinimumVisualStudioVersion = 10.0.40219.1
Project("{FAE04EC0-301F-11D3-BF4B-00C04F79EFBC}") = "Cw_01", "Cw_01\Cw_01.csproj", "{4477B10D-F624-4E61-87E6-3193CF252DA3}"
EndProject
Global
	GlobalSection(SolutionConfigurationPlatforms) = preSolution
		Debug|Any CPU = Debug|Any CPU
		Release|Any CPU = Release|Any CPU
	EndGlobalSection
	GlobalSection(ProjectConfigurationPlatforms) = postSolution
		{4477B10D-F624-4E61-87E6-3193CF252DA3}.Debug|Any CPU.ActiveCfg = Debug|Any CPU
		{4477B10D-F624-4E61-87E6-3193CF252DA3}.Debug|Any CPU.Build.0 = Debug|Any CPU
		{4477B10D-F624-4E61-87E6-3193CF252DA3}.Release|Any CPU.ActiveCfg = Release|Any CPU
		{4477B10D-F624-4E61-87E6-3193CF252DA3}.Release|Any CPU.Build.0 = Release|Any CPU
	EndGlobalSection
	GlobalSection(SolutionProperties) = preSolution
		HideSolutionNode = FALSE
	EndGlobalSection
	GlobalSection(ExtensibilityGlobals) = postSolution
		SolutionGuid = {3491A68D-AF2B-454E-BCA5-603F0D77C51E}
	EndGlobalSection
EndGlobal
