
Microsoft Visual Studio Solution File, Format Version 12.00
# Visual Studio 15
VisualStudioVersion = 15.0.28010.2026
MinimumVisualStudioVersion = 10.0.40219.1
Project("{FAE04EC0-301F-11D3-BF4B-00C04F79EFBC}") = "Cw_05", "Cw_05\Cw_05.csproj", "{8006CA23-427A-4700-9590-94BF0329133B}"
EndProject
Global
	GlobalSection(SolutionConfigurationPlatforms) = preSolution
		Debug|Any CPU = Debug|Any CPU
		Release|Any CPU = Release|Any CPU
	EndGlobalSection
	GlobalSection(ProjectConfigurationPlatforms) = postSolution
		{8006CA23-427A-4700-9590-94BF0329133B}.Debug|Any CPU.ActiveCfg = Debug|Any CPU
		{8006CA23-427A-4700-9590-94BF0329133B}.Debug|Any CPU.Build.0 = Debug|Any CPU
		{8006CA23-427A-4700-9590-94BF0329133B}.Release|Any CPU.ActiveCfg = Release|Any CPU
		{8006CA23-427A-4700-9590-94BF0329133B}.Release|Any CPU.Build.0 = Release|Any CPU
	EndGlobalSection
	GlobalSection(SolutionProperties) = preSolution
		HideSolutionNode = FALSE
	EndGlobalSection
	GlobalSection(ExtensibilityGlobals) = postSolution
		SolutionGuid = {39EB79D2-3CCA-4982-BE94-9588B87EC3A6}
	EndGlobalSection
EndGlobal
